
Microsoft Visual Studio Solution File, Format Version 12.00
# Visual Studio Version 16
VisualStudioVersion = 16.0.29519.181
MinimumVisualStudioVersion = 10.0.40219.1
Project("{FAE04EC0-301F-11D3-BF4B-00C04F79EFBC}") = "MVCApplication", "MVCApplication\MVCApplication.csproj", "{102797C7-0E81-4D5A-B948-C64F27E1B1CA}"
EndProject
Project("{FAE04EC0-301F-11D3-BF4B-00C04F79EFBC}") = "DataLibrary", "DataLibrary\DataLibrary.csproj", "{367C88B9-1952-4882-A48A-AD438196EF4A}"
EndProject
Project("{00D1A9C2-B5F0-4AF3-8072-F6C62B433612}") = "MVCDB", "MVCDB\MVCDB.sqlproj", "{81DA8711-ED36-4ABA-95EB-F743F7645D23}"
EndProject
Project("{FAE04EC0-301F-11D3-BF4B-00C04F79EFBC}") = "UnitTestProject1", "UnitTestProject1\UnitTestProject1.csproj", "{E6F359F4-9C45-4A4E-9B02-24191DCE2421}"
EndProject
Global
	GlobalSection(SolutionConfigurationPlatforms) = preSolution
		Debug|Any CPU = Debug|Any CPU
		Release|Any CPU = Release|Any CPU
	EndGlobalSection
	GlobalSection(ProjectConfigurationPlatforms) = postSolution
		{102797C7-0E81-4D5A-B948-C64F27E1B1CA}.Debug|Any CPU.ActiveCfg = Debug|Any CPU
		{102797C7-0E81-4D5A-B948-C64F27E1B1CA}.Debug|Any CPU.Build.0 = Debug|Any CPU
		{102797C7-0E81-4D5A-B948-C64F27E1B1CA}.Release|Any CPU.ActiveCfg = Release|Any CPU
		{102797C7-0E81-4D5A-B948-C64F27E1B1CA}.Release|Any CPU.Build.0 = Release|Any CPU
		{367C88B9-1952-4882-A48A-AD438196EF4A}.Debug|Any CPU.ActiveCfg = Debug|Any CPU
		{367C88B9-1952-4882-A48A-AD438196EF4A}.Debug|Any CPU.Build.0 = Debug|Any CPU
		{367C88B9-1952-4882-A48A-AD438196EF4A}.Release|Any CPU.ActiveCfg = Release|Any CPU
		{367C88B9-1952-4882-A48A-AD438196EF4A}.Release|Any CPU.Build.0 = Release|Any CPU
		{81DA8711-ED36-4ABA-95EB-F743F7645D23}.Debug|Any CPU.ActiveCfg = Debug|Any CPU
		{81DA8711-ED36-4ABA-95EB-F743F7645D23}.Debug|Any CPU.Build.0 = Debug|Any CPU
		{81DA8711-ED36-4ABA-95EB-F743F7645D23}.Debug|Any CPU.Deploy.0 = Debug|Any CPU
		{81DA8711-ED36-4ABA-95EB-F743F7645D23}.Release|Any CPU.ActiveCfg = Release|Any CPU
		{81DA8711-ED36-4ABA-95EB-F743F7645D23}.Release|Any CPU.Build.0 = Release|Any CPU
		{81DA8711-ED36-4ABA-95EB-F743F7645D23}.Release|Any CPU.Deploy.0 = Release|Any CPU
		{E6F359F4-9C45-4A4E-9B02-24191DCE2421}.Debug|Any CPU.ActiveCfg = Debug|Any CPU
		{E6F359F4-9C45-4A4E-9B02-24191DCE2421}.Debug|Any CPU.Build.0 = Debug|Any CPU
		{E6F359F4-9C45-4A4E-9B02-24191DCE2421}.Release|Any CPU.ActiveCfg = Release|Any CPU
		{E6F359F4-9C45-4A4E-9B02-24191DCE2421}.Release|Any CPU.Build.0 = Release|Any CPU
	EndGlobalSection
	GlobalSection(SolutionProperties) = preSolution
		HideSolutionNode = FALSE
	EndGlobalSection
	GlobalSection(ExtensibilityGlobals) = postSolution
		SolutionGuid = {442087A3-4BFC-4F08-8920-3EABDF3113D0}
	EndGlobalSection
EndGlobal
